
Microsoft Visual Studio Solution File, Format Version 12.00
# Visual Studio 15
VisualStudioVersion = 15.0.26124.0
MinimumVisualStudioVersion = 15.0.26124.0
Project("{FAE04EC0-301F-11D3-BF4B-00C04F79EFBC}") = "api", "api\api.csproj", "{6AEB91EE-C8E2-49C4-BF65-E2B58A55895C}"
EndProject
Project("{FAE04EC0-301F-11D3-BF4B-00C04F79EFBC}") = "api.tests", "tests\api.tests.csproj", "{E96639C6-BD98-4FEB-8688-E75CD8981C99}"
EndProject
Global
	GlobalSection(SolutionConfigurationPlatforms) = preSolution
		Debug|Any CPU = Debug|Any CPU
		Debug|x64 = Debug|x64
		Debug|x86 = Debug|x86
		Release|Any CPU = Release|Any CPU
		Release|x64 = Release|x64
		Release|x86 = Release|x86
	EndGlobalSection
	GlobalSection(SolutionProperties) = preSolution
		HideSolutionNode = FALSE
	EndGlobalSection
	GlobalSection(ProjectConfigurationPlatforms) = postSolution
		{6AEB91EE-C8E2-49C4-BF65-E2B58A55895C}.Debug|Any CPU.ActiveCfg = Debug|Any CPU
		{6AEB91EE-C8E2-49C4-BF65-E2B58A55895C}.Debug|Any CPU.Build.0 = Debug|Any CPU
		{6AEB91EE-C8E2-49C4-BF65-E2B58A55895C}.Debug|x64.ActiveCfg = Debug|Any CPU
		{6AEB91EE-C8E2-49C4-BF65-E2B58A55895C}.Debug|x64.Build.0 = Debug|Any CPU
		{6AEB91EE-C8E2-49C4-BF65-E2B58A55895C}.Debug|x86.ActiveCfg = Debug|Any CPU
		{6AEB91EE-C8E2-49C4-BF65-E2B58A55895C}.Debug|x86.Build.0 = Debug|Any CPU
		{6AEB91EE-C8E2-49C4-BF65-E2B58A55895C}.Release|Any CPU.ActiveCfg = Release|Any CPU
		{6AEB91EE-C8E2-49C4-BF65-E2B58A55895C}.Release|Any CPU.Build.0 = Release|Any CPU
		{6AEB91EE-C8E2-49C4-BF65-E2B58A55895C}.Release|x64.ActiveCfg = Release|Any CPU
		{6AEB91EE-C8E2-49C4-BF65-E2B58A55895C}.Release|x64.Build.0 = Release|Any CPU
		{6AEB91EE-C8E2-49C4-BF65-E2B58A55895C}.Release|x86.ActiveCfg = Release|Any CPU
		{6AEB91EE-C8E2-49C4-BF65-E2B58A55895C}.Release|x86.Build.0 = Release|Any CPU
		{E96639C6-BD98-4FEB-8688-E75CD8981C99}.Debug|Any CPU.ActiveCfg = Debug|Any CPU
		{E96639C6-BD98-4FEB-8688-E75CD8981C99}.Debug|Any CPU.Build.0 = Debug|Any CPU
		{E96639C6-BD98-4FEB-8688-E75CD8981C99}.Debug|x64.ActiveCfg = Debug|Any CPU
		{E96639C6-BD98-4FEB-8688-E75CD8981C99}.Debug|x64.Build.0 = Debug|Any CPU
		{E96639C6-BD98-4FEB-8688-E75CD8981C99}.Debug|x86.ActiveCfg = Debug|Any CPU
		{E96639C6-BD98-4FEB-8688-E75CD8981C99}.Debug|x86.Build.0 = Debug|Any CPU
		{E96639C6-BD98-4FEB-8688-E75CD8981C99}.Release|Any CPU.ActiveCfg = Release|Any CPU
		{E96639C6-BD98-4FEB-8688-E75CD8981C99}.Release|Any CPU.Build.0 = Release|Any CPU
		{E96639C6-BD98-4FEB-8688-E75CD8981C99}.Release|x64.ActiveCfg = Release|Any CPU
		{E96639C6-BD98-4FEB-8688-E75CD8981C99}.Release|x64.Build.0 = Release|Any CPU
		{E96639C6-BD98-4FEB-8688-E75CD8981C99}.Release|x86.ActiveCfg = Release|Any CPU
		{E96639C6-BD98-4FEB-8688-E75CD8981C99}.Release|x86.Build.0 = Release|Any CPU
	EndGlobalSection
EndGlobal
